
Microsoft Visual Studio Solution File, Format Version 12.00
# Visual Studio Version 17
VisualStudioVersion = 17.3.32804.467
MinimumVisualStudioVersion = 10.0.40219.1
Project("{2150E333-8FDC-42A3-9474-1A3956D46DE8}") = "src", "src", "{60BA5973-1913-4FB7-8B01-A1A51A51E9B7}"
EndProject
Project("{9A19103F-16F7-4668-BE54-9A1E7A4F7556}") = "Domain", "src\Domain\Domain.csproj", "{C9AC6ADC-3A98-480B-A325-F5044D91EEC5}"
EndProject
Project("{9A19103F-16F7-4668-BE54-9A1E7A4F7556}") = "Application", "src\Application\Application.csproj", "{199BD45D-EEB7-47F2-9991-7C3127474B15}"
EndProject
Project("{9A19103F-16F7-4668-BE54-9A1E7A4F7556}") = "Infrastructure", "src\Infrastructure\Infrastructure.csproj", "{6963A69D-CF2B-46F5-82C9-5CEA821ABEE5}"
EndProject
Project("{2150E333-8FDC-42A3-9474-1A3956D46DE8}") = "presentation", "presentation", "{C365598B-9497-4C6D-9A56-598C1F6490C2}"
EndProject
Project("{9A19103F-16F7-4668-BE54-9A1E7A4F7556}") = "Api", "presentation\Api\Api.csproj", "{2266C855-4989-4506-8572-D8216DFA2137}"
EndProject
Project("{2150E333-8FDC-42A3-9474-1A3956D46DE8}") = "test", "test", "{54A579A6-B78F-491C-A3DB-51DC67DBAB78}"
EndProject
Project("{FAE04EC0-301F-11D3-BF4B-00C04F79EFBC}") = "WebClient", "presentation\WebClient\WebClient.csproj", "{987E4C77-2609-465B-8746-86779044E3EB}"
EndProject
Global
	GlobalSection(SolutionConfigurationPlatforms) = preSolution
		Debug|Any CPU = Debug|Any CPU
		Release|Any CPU = Release|Any CPU
	EndGlobalSection
	GlobalSection(ProjectConfigurationPlatforms) = postSolution
		{C9AC6ADC-3A98-480B-A325-F5044D91EEC5}.Debug|Any CPU.ActiveCfg = Debug|Any CPU
		{C9AC6ADC-3A98-480B-A325-F5044D91EEC5}.Debug|Any CPU.Build.0 = Debug|Any CPU
		{C9AC6ADC-3A98-480B-A325-F5044D91EEC5}.Release|Any CPU.ActiveCfg = Release|Any CPU
		{C9AC6ADC-3A98-480B-A325-F5044D91EEC5}.Release|Any CPU.Build.0 = Release|Any CPU
		{199BD45D-EEB7-47F2-9991-7C3127474B15}.Debug|Any CPU.ActiveCfg = Debug|Any CPU
		{199BD45D-EEB7-47F2-9991-7C3127474B15}.Debug|Any CPU.Build.0 = Debug|Any CPU
		{199BD45D-EEB7-47F2-9991-7C3127474B15}.Release|Any CPU.ActiveCfg = Release|Any CPU
		{199BD45D-EEB7-47F2-9991-7C3127474B15}.Release|Any CPU.Build.0 = Release|Any CPU
		{6963A69D-CF2B-46F5-82C9-5CEA821ABEE5}.Debug|Any CPU.ActiveCfg = Debug|Any CPU
		{6963A69D-CF2B-46F5-82C9-5CEA821ABEE5}.Debug|Any CPU.Build.0 = Debug|Any CPU
		{6963A69D-CF2B-46F5-82C9-5CEA821ABEE5}.Release|Any CPU.ActiveCfg = Release|Any CPU
		{6963A69D-CF2B-46F5-82C9-5CEA821ABEE5}.Release|Any CPU.Build.0 = Release|Any CPU
		{2266C855-4989-4506-8572-D8216DFA2137}.Debug|Any CPU.ActiveCfg = Debug|Any CPU
		{2266C855-4989-4506-8572-D8216DFA2137}.Debug|Any CPU.Build.0 = Debug|Any CPU
		{2266C855-4989-4506-8572-D8216DFA2137}.Release|Any CPU.ActiveCfg = Release|Any CPU
		{2266C855-4989-4506-8572-D8216DFA2137}.Release|Any CPU.Build.0 = Release|Any CPU
		{987E4C77-2609-465B-8746-86779044E3EB}.Debug|Any CPU.ActiveCfg = Debug|Any CPU
		{987E4C77-2609-465B-8746-86779044E3EB}.Debug|Any CPU.Build.0 = Debug|Any CPU
		{987E4C77-2609-465B-8746-86779044E3EB}.Release|Any CPU.ActiveCfg = Release|Any CPU
		{987E4C77-2609-465B-8746-86779044E3EB}.Release|Any CPU.Build.0 = Release|Any CPU
	EndGlobalSection
	GlobalSection(SolutionProperties) = preSolution
		HideSolutionNode = FALSE
	EndGlobalSection
	GlobalSection(NestedProjects) = preSolution
		{C9AC6ADC-3A98-480B-A325-F5044D91EEC5} = {60BA5973-1913-4FB7-8B01-A1A51A51E9B7}
		{199BD45D-EEB7-47F2-9991-7C3127474B15} = {60BA5973-1913-4FB7-8B01-A1A51A51E9B7}
		{6963A69D-CF2B-46F5-82C9-5CEA821ABEE5} = {60BA5973-1913-4FB7-8B01-A1A51A51E9B7}
		{2266C855-4989-4506-8572-D8216DFA2137} = {C365598B-9497-4C6D-9A56-598C1F6490C2}
		{987E4C77-2609-465B-8746-86779044E3EB} = {C365598B-9497-4C6D-9A56-598C1F6490C2}
	EndGlobalSection
	GlobalSection(ExtensibilityGlobals) = postSolution
		SolutionGuid = {FE302B7D-7A73-4DBD-8C5C-291F180C543D}
	EndGlobalSection
EndGlobal
